{
  "requires": true,
  "lockfileVersion": 1,
  "dependencies": {
    "typed.js": {
      "version": "2.0.9",
      "resolved": "https://registry.npmjs.org/typed.js/-/typed.js-2.0.9.tgz",
      "integrity": "sha512-RTv7MvbsJ0ajz3PW/o325kXo0+gZAGW9xoZQ9eXrdvTg9prvH5JgAVeAITYuh7OoGStl1yuJgcR07IO10l3Q3g=="
    }
  }
}
